
Microsoft Visual Studio Solution File, Format Version 12.00
# Visual Studio Version 16
VisualStudioVersion = 16.0.29827.131
MinimumVisualStudioVersion = 10.0.40219.1
Project("{FAE04EC0-301F-11D3-BF4B-00C04F79EFBC}") = "BookStore", "BookStore\BookStore.csproj", "{75A621E6-2A56-47CD-89C1-3445E76901E4}"
EndProject
Global
	GlobalSection(SolutionConfigurationPlatforms) = preSolution
		Debug|Any CPU = Debug|Any CPU
		Release|Any CPU = Release|Any CPU
	EndGlobalSection
	GlobalSection(ProjectConfigurationPlatforms) = postSolution
		{75A621E6-2A56-47CD-89C1-3445E76901E4}.Debug|Any CPU.ActiveCfg = Debug|Any CPU
		{75A621E6-2A56-47CD-89C1-3445E76901E4}.Debug|Any CPU.Build.0 = Debug|Any CPU
		{75A621E6-2A56-47CD-89C1-3445E76901E4}.Release|Any CPU.ActiveCfg = Release|Any CPU
		{75A621E6-2A56-47CD-89C1-3445E76901E4}.Release|Any CPU.Build.0 = Release|Any CPU
	EndGlobalSection
	GlobalSection(SolutionProperties) = preSolution
		HideSolutionNode = FALSE
	EndGlobalSection
	GlobalSection(ExtensibilityGlobals) = postSolution
		SolutionGuid = {6162A43C-9F6C-430C-8655-F3B02AF69CF5}
	EndGlobalSection
EndGlobal
